
Microsoft Visual Studio Solution File, Format Version 12.00
# Visual Studio Version 17
VisualStudioVersion = 17.7.34031.279
MinimumVisualStudioVersion = 10.0.40219.1
Project("{FAE04EC0-301F-11D3-BF4B-00C04F79EFBC}") = "KonsalUygulamasi", "KonsalUygulamasi\KonsalUygulamasi.csproj", "{E9BE80CA-7FB0-491F-AF00-F72737D6EDFE}"
EndProject
Global
	GlobalSection(SolutionConfigurationPlatforms) = preSolution
		Debug|Any CPU = Debug|Any CPU
		Release|Any CPU = Release|Any CPU
	EndGlobalSection
	GlobalSection(ProjectConfigurationPlatforms) = postSolution
		{E9BE80CA-7FB0-491F-AF00-F72737D6EDFE}.Debug|Any CPU.ActiveCfg = Debug|Any CPU
		{E9BE80CA-7FB0-491F-AF00-F72737D6EDFE}.Debug|Any CPU.Build.0 = Debug|Any CPU
		{E9BE80CA-7FB0-491F-AF00-F72737D6EDFE}.Release|Any CPU.ActiveCfg = Release|Any CPU
		{E9BE80CA-7FB0-491F-AF00-F72737D6EDFE}.Release|Any CPU.Build.0 = Release|Any CPU
	EndGlobalSection
	GlobalSection(SolutionProperties) = preSolution
		HideSolutionNode = FALSE
	EndGlobalSection
	GlobalSection(ExtensibilityGlobals) = postSolution
		SolutionGuid = {1D8C87A5-3F27-4C1C-AF00-E4DB78953D1A}
	EndGlobalSection
EndGlobal
